// !$*UTF8*$!
{
	archiveVersion = 1;
	classes = {
	};
	objectVersion = 50;
	objects = {

/* Begin PBXBuildFile section */
		986D2F4928B5518C005A9024 /* CityService.swift in Sources */ = {isa = PBXBuildFile; fileRef = 986D2F4828B5518C005A9024 /* CityService.swift */; };
		986D2F4B28B55239005A9024 /* City.swift in Sources */ = {isa = PBXBuildFile; fileRef = 986D2F4A28B55239005A9024 /* City.swift */; };
		986D2F5128B553E0005A9024 /* CityVC.swift in Sources */ = {isa = PBXBuildFile; fileRef = 986D2F5028B553E0005A9024 /* CityVC.swift */; };
		986D2F5328B55CD1005A9024 /* CityTableViewCell.swift in Sources */ = {isa = PBXBuildFile; fileRef = 986D2F5228B55CD1005A9024 /* CityTableViewCell.swift */; };
		986D2F5528B57373005A9024 /* CustomTextField.swift in Sources */ = {isa = PBXBuildFile; fileRef = 986D2F5428B57373005A9024 /* CustomTextField.swift */; };
		988D1A9C28B28F1600C5089E /* AppDelegate.swift in Sources */ = {isa = PBXBuildFile; fileRef = 988D1A9B28B28F1600C5089E /* AppDelegate.swift */; };
		988D1A9E28B28F1600C5089E /* SceneDelegate.swift in Sources */ = {isa = PBXBuildFile; fileRef = 988D1A9D28B28F1600C5089E /* SceneDelegate.swift */; };
		988D1AA028B28F1600C5089E /* WeatherVC.swift in Sources */ = {isa = PBXBuildFile; fileRef = 988D1A9F28B28F1600C5089E /* WeatherVC.swift */; };
		988D1AA528B28F1B00C5089E /* Assets.xcassets in Resources */ = {isa = PBXBuildFile; fileRef = 988D1AA428B28F1B00C5089E /* Assets.xcassets */; };
		988D1AA828B28F1B00C5089E /* LaunchScreen.storyboard in Resources */ = {isa = PBXBuildFile; fileRef = 988D1AA628B28F1B00C5089E /* LaunchScreen.storyboard */; };
		988D1AB028B2985A00C5089E /* UIView+Extension.swift in Sources */ = {isa = PBXBuildFile; fileRef = 988D1AAF28B2985A00C5089E /* UIView+Extension.swift */; };
		988D1AB328B2B6E300C5089E /* Weather.swift in Sources */ = {isa = PBXBuildFile; fileRef = 988D1AB228B2B6E300C5089E /* Weather.swift */; };
		988D1AB628B2BA2D00C5089E /* WeatherService.swift in Sources */ = {isa = PBXBuildFile; fileRef = 988D1AB528B2BA2D00C5089E /* WeatherService.swift */; };
		988D1AB928B2BA4B00C5089E /* Constants.swift in Sources */ = {isa = PBXBuildFile; fileRef = 988D1AB828B2BA4B00C5089E /* Constants.swift */; };
/* End PBXBuildFile section */

/* Begin PBXFileReference section */
		986D2F4828B5518C005A9024 /* CityService.swift */ = {isa = PBXFileReference; lastKnownFileType = sourcecode.swift; path = CityService.swift; sourceTree = "<group>"; };
		986D2F4A28B55239005A9024 /* City.swift */ = {isa = PBXFileReference; lastKnownFileType = sourcecode.swift; path = City.swift; sourceTree = "<group>"; };
		986D2F5028B553E0005A9024 /* CityVC.swift */ = {isa = PBXFileReference; lastKnownFileType = sourcecode.swift; path = CityVC.swift; sourceTree = "<group>"; };
		986D2F5228B55CD1005A9024 /* CityTableViewCell.swift */ = {isa = PBXFileReference; lastKnownFileType = sourcecode.swift; path = CityTableViewCell.swift; sourceTree = "<group>"; };
		986D2F5428B57373005A9024 /* CustomTextField.swift */ = {isa = PBXFileReference; lastKnownFileType = sourcecode.swift; path = CustomTextField.swift; sourceTree = "<group>"; };
		988D1A9828B28F1600C5089E /* UdemyWeatherApp.app */ = {isa = PBXFileReference; explicitFileType = wrapper.application; includeInIndex = 0; path = UdemyWeatherApp.app; sourceTree = BUILT_PRODUCTS_DIR; };
		988D1A9B28B28F1600C5089E /* AppDelegate.swift */ = {isa = PBXFileReference; lastKnownFileType = sourcecode.swift; path = AppDelegate.swift; sourceTree = "<group>"; };
		988D1A9D28B28F1600C5089E /* SceneDelegate.swift */ = {isa = PBXFileReference; lastKnownFileType = sourcecode.swift; path = SceneDelegate.swift; sourceTree = "<group>"; };
		988D1A9F28B28F1600C5089E /* WeatherVC.swift */ = {isa = PBXFileReference; lastKnownFileType = sourcecode.swift; path = WeatherVC.swift; sourceTree = "<group>"; };
		988D1AA428B28F1B00C5089E /* Assets.xcassets */ = {isa = PBXFileReference; lastKnownFileType = folder.assetcatalog; path = Assets.xcassets; sourceTree = "<group>"; };
		988D1AA728B28F1B00C5089E /* Base */ = {isa = PBXFileReference; lastKnownFileType = file.storyboard; name = Base; path = Base.lproj/LaunchScreen.storyboard; sourceTree = "<group>"; };
		988D1AA928B28F1B00C5089E /* Info.plist */ = {isa = PBXFileReference; lastKnownFileType = text.plist.xml; path = Info.plist; sourceTree = "<group>"; };
		988D1AAF28B2985A00C5089E /* UIView+Extension.swift */ = {isa = PBXFileReference; lastKnownFileType = sourcecode.swift; path = "UIView+Extension.swift"; sourceTree = "<group>"; };
		988D1AB228B2B6E300C5089E /* Weather.swift */ = {isa = PBXFileReference; lastKnownFileType = sourcecode.swift; path = Weather.swift; sourceTree = "<group>"; };
		988D1AB528B2BA2D00C5089E /* WeatherService.swift */ = {isa = PBXFileReference; lastKnownFileType = sourcecode.swift; path = WeatherService.swift; sourceTree = "<group>"; };
		988D1AB828B2BA4B00C5089E /* Constants.swift */ = {isa = PBXFileReference; lastKnownFileType = sourcecode.swift; path = Constants.swift; sourceTree = "<group>"; };
/* End PBXFileReference section */

/* Begin PBXFrameworksBuildPhase section */
		988D1A9528B28F1600C5089E /* Frameworks */ = {
			isa = PBXFrameworksBuildPhase;
			buildActionMask = 2147483647;
			files = (
			);
			runOnlyForDeploymentPostprocessing = 0;
		};
/* End PBXFrameworksBuildPhase section */

/* Begin PBXGroup section */
		986D2F4C28B55382005A9024 /* Controllers */ = {
			isa = PBXGroup;
			children = (
				988D1A9F28B28F1600C5089E /* WeatherVC.swift */,
				986D2F5028B553E0005A9024 /* CityVC.swift */,
			);
			path = Controllers;
			sourceTree = "<group>";
		};
		986D2F4E28B553A4005A9024 /* Views */ = {
			isa = PBXGroup;
			children = (
				986D2F4F28B553B4005A9024 /* Cells */,
				986D2F5428B57373005A9024 /* CustomTextField.swift */,
			);
			path = Views;
			sourceTree = "<group>";
		};
		986D2F4F28B553B4005A9024 /* Cells */ = {
			isa = PBXGroup;
			children = (
				986D2F5228B55CD1005A9024 /* CityTableViewCell.swift */,
			);
			path = Cells;
			sourceTree = "<group>";
		};
		988D1A8F28B28F1600C5089E = {
			isa = PBXGroup;
			children = (
				988D1A9A28B28F1600C5089E /* UdemyWeatherApp */,
				988D1A9928B28F1600C5089E /* Products */,
			);
			sourceTree = "<group>";
		};
		988D1A9928B28F1600C5089E /* Products */ = {
			isa = PBXGroup;
			children = (
				988D1A9828B28F1600C5089E /* UdemyWeatherApp.app */,
			);
			name = Products;
			sourceTree = "<group>";
		};
		988D1A9A28B28F1600C5089E /* UdemyWeatherApp */ = {
			isa = PBXGroup;
			children = (
				986D2F4E28B553A4005A9024 /* Views */,
				986D2F4C28B55382005A9024 /* Controllers */,
				988D1AB728B2BA3F00C5089E /* Utility */,
				988D1AB428B2BA1B00C5089E /* Service */,
				988D1AB128B2B6C600C5089E /* Models */,
				988D1A9B28B28F1600C5089E /* AppDelegate.swift */,
				988D1A9D28B28F1600C5089E /* SceneDelegate.swift */,
				988D1AA428B28F1B00C5089E /* Assets.xcassets */,
				988D1AA628B28F1B00C5089E /* LaunchScreen.storyboard */,
				988D1AA928B28F1B00C5089E /* Info.plist */,
				988D1AAF28B2985A00C5089E /* UIView+Extension.swift */,
			);
			path = UdemyWeatherApp;
			sourceTree = "<group>";
		};
		988D1AB128B2B6C600C5089E /* Models */ = {
			isa = PBXGroup;
			children = (
				988D1AB228B2B6E300C5089E /* Weather.swift */,
				986D2F4A28B55239005A9024 /* City.swift */,
			);
			path = Models;
			sourceTree = "<group>";
		};
		988D1AB428B2BA1B00C5089E /* Service */ = {
			isa = PBXGroup;
			children = (
				988D1AB528B2BA2D00C5089E /* WeatherService.swift */,
				986D2F4828B5518C005A9024 /* CityService.swift */,
			);
			path = Service;
			sourceTree = "<group>";
		};
		988D1AB728B2BA3F00C5089E /* Utility */ = {
			isa = PBXGroup;
			children = (
				988D1AB828B2BA4B00C5089E /* Constants.swift */,
			);
			path = Utility;
			sourceTree = "<group>";
		};
/* End PBXGroup section */

/* Begin PBXNativeTarget section */
		988D1A9728B28F1600C5089E /* UdemyWeatherApp */ = {
			isa = PBXNativeTarget;
			buildConfigurationList = 988D1AAC28B28F1B00C5089E /* Build configuration list for PBXNativeTarget "UdemyWeatherApp" */;
			buildPhases = (
				988D1A9428B28F1600C5089E /* Sources */,
				988D1A9528B28F1600C5089E /* Frameworks */,
				988D1A9628B28F1600C5089E /* Resources */,
			);
			buildRules = (
			);
			dependencies = (
			);
			name = UdemyWeatherApp;
			productName = UdemyWeatherApp;
			productReference = 988D1A9828B28F1600C5089E /* UdemyWeatherApp.app */;
			productType = "com.apple.product-type.application";
		};
/* End PBXNativeTarget section */

/* Begin PBXProject section */
		988D1A9028B28F1600C5089E /* Project object */ = {
			isa = PBXProject;
			attributes = {
				LastSwiftUpdateCheck = 1250;
				LastUpgradeCheck = 1250;
				TargetAttributes = {
					988D1A9728B28F1600C5089E = {
						CreatedOnToolsVersion = 12.5.1;
					};
				};
			};
			buildConfigurationList = 988D1A9328B28F1600C5089E /* Build configuration list for PBXProject "UdemyWeatherApp" */;
			compatibilityVersion = "Xcode 9.3";
			developmentRegion = en;
			hasScannedForEncodings = 0;
			knownRegions = (
				en,
				Base,
			);
			mainGroup = 988D1A8F28B28F1600C5089E;
			productRefGroup = 988D1A9928B28F1600C5089E /* Products */;
			projectDirPath = "";
			projectRoot = "";
			targets = (
				988D1A9728B28F1600C5089E /* UdemyWeatherApp */,
			);
		};
/* End PBXProject section */

/* Begin PBXResourcesBuildPhase section */
		988D1A9628B28F1600C5089E /* Resources */ = {
			isa = PBXResourcesBuildPhase;
			buildActionMask = 2147483647;
			files = (
				988D1AA828B28F1B00C5089E /* LaunchScreen.storyboard in Resources */,
				988D1AA528B28F1B00C5089E /* Assets.xcassets in Resources */,
			);
			runOnlyForDeploymentPostprocessing = 0;
		};
/* End PBXResourcesBuildPhase section */

/* Begin PBXSourcesBuildPhase section */
		988D1A9428B28F1600C5089E /* Sources */ = {
			isa = PBXSourcesBuildPhase;
			buildActionMask = 2147483647;
			files = (
				988D1AA028B28F1600C5089E /* WeatherVC.swift in Sources */,
				988D1A9C28B28F1600C5089E /* AppDelegate.swift in Sources */,
				986D2F4B28B55239005A9024 /* City.swift in Sources */,
				988D1AB028B2985A00C5089E /* UIView+Extension.swift in Sources */,
				988D1A9E28B28F1600C5089E /* SceneDelegate.swift in Sources */,
				988D1AB928B2BA4B00C5089E /* Constants.swift in Sources */,
				988D1AB628B2BA2D00C5089E /* WeatherService.swift in Sources */,
				986D2F4928B5518C005A9024 /* CityService.swift in Sources */,
				986D2F5528B57373005A9024 /* CustomTextField.swift in Sources */,
				988D1AB328B2B6E300C5089E /* Weather.swift in Sources */,
				986D2F5128B553E0005A9024 /* CityVC.swift in Sources */,
				986D2F5328B55CD1005A9024 /* CityTableViewCell.swift in Sources */,
			);
			runOnlyForDeploymentPostprocessing = 0;
		};
/* End PBXSourcesBuildPhase section */

/* Begin PBXVariantGroup section */
		988D1AA628B28F1B00C5089E /* LaunchScreen.storyboard */ = {
			isa = PBXVariantGroup;
			children = (
				988D1AA728B28F1B00C5089E /* Base */,
			);
			name = LaunchScreen.storyboard;
			sourceTree = "<group>";
		};
/* End PBXVariantGroup section */

/* Begin XCBuildConfiguration section */
		988D1AAA28B28F1B00C5089E /* Debug */ = {
			isa = XCBuildConfiguration;
			buildSettings = {
				ALWAYS_SEARCH_USER_PATHS = NO;
				CLANG_ANALYZER_NONNULL = YES;
				CLANG_ANALYZER_NUMBER_OBJECT_CONVERSION = YES_AGGRESSIVE;
				CLANG_CXX_LANGUAGE_STANDARD = "gnu++14";
				CLANG_CXX_LIBRARY = "libc++";
				CLANG_ENABLE_MODULES = YES;
				CLANG_ENABLE_OBJC_ARC = YES;
				CLANG_ENABLE_OBJC_WEAK = YES;
				CLANG_WARN_BLOCK_CAPTURE_AUTORELEASING = YES;
				CLANG_WARN_BOOL_CONVERSION = YES;
				CLANG_WARN_COMMA = YES;
				CLANG_WARN_CONSTANT_CONVERSION = YES;
				CLANG_WARN_DEPRECATED_OBJC_IMPLEMENTATIONS = YES;
				CLANG_WARN_DIRECT_OBJC_ISA_USAGE = YES_ERROR;
				CLANG_WARN_DOCUMENTATION_COMMENTS = YES;
				CLANG_WARN_EMPTY_BODY = YES;
				CLANG_WARN_ENUM_CONVERSION = YES;
				CLANG_WARN_INFINITE_RECURSION = YES;
				CLANG_WARN_INT_CONVERSION = YES;
				CLANG_WARN_NON_LITERAL_NULL_CONVERSION = YES;
				CLANG_WARN_OBJC_IMPLICIT_RETAIN_SELF = YES;
				CLANG_WARN_OBJC_LITERAL_CONVERSION = YES;
				CLANG_WARN_OBJC_ROOT_CLASS = YES_ERROR;
				CLANG_WARN_QUOTED_INCLUDE_IN_FRAMEWORK_HEADER = YES;
				CLANG_WARN_RANGE_LOOP_ANALYSIS = YES;
				CLANG_WARN_STRICT_PROTOTYPES = YES;
				CLANG_WARN_SUSPICIOUS_MOVE = YES;
				CLANG_WARN_UNGUARDED_AVAILABILITY = YES_AGGRESSIVE;
				CLANG_WARN_UNREACHABLE_CODE = YES;
				CLANG_WARN__DUPLICATE_METHOD_MATCH = YES;
				COPY_PHASE_STRIP = NO;
				DEBUG_INFORMATION_FORMAT = dwarf;
				ENABLE_STRICT_OBJC_MSGSEND = YES;
				ENABLE_TESTABILITY = YES;
				GCC_C_LANGUAGE_STANDARD = gnu11;
				GCC_DYNAMIC_NO_PIC = NO;
				GCC_NO_COMMON_BLOCKS = YES;
				GCC_OPTIMIZATION_LEVEL = 0;
				GCC_PREPROCESSOR_DEFINITIONS = (
					"DEBUG=1",
					"$(inherited)",
				);
				GCC_WARN_64_TO_32_BIT_CONVERSION = YES;
				GCC_WARN_ABOUT_RETURN_TYPE = YES_ERROR;
				GCC_WARN_UNDECLARED_SELECTOR = YES;
				GCC_WARN_UNINITIALIZED_AUTOS = YES_AGGRESSIVE;
				GCC_WARN_UNUSED_FUNCTION = YES;
				GCC_WARN_UNUSED_VARIABLE = YES;
				IPHONEOS_DEPLOYMENT_TARGET = 14.5;
				MTL_ENABLE_DEBUG_INFO = INCLUDE_SOURCE;
				MTL_FAST_MATH = YES;
				ONLY_ACTIVE_ARCH = YES;
				SDKROOT = iphoneos;
				SWIFT_ACTIVE_COMPILATION_CONDITIONS = DEBUG;
				SWIFT_OPTIMIZATION_LEVEL = "-Onone";
			};
			name = Debug;
		};
		988D1AAB28B28F1B00C5089E /* Release */ = {
			isa = XCBuildConfiguration;
			buildSettings = {
				ALWAYS_SEARCH_USER_PATHS = NO;
				CLANG_ANALYZER_NONNULL = YES;
				CLANG_ANALYZER_NUMBER_OBJECT_CONVERSION = YES_AGGRESSIVE;
				CLANG_CXX_LANGUAGE_STANDARD = "gnu++14";
				CLANG_CXX_LIBRARY = "libc++";
				CLANG_ENABLE_MODULES = YES;
				CLANG_ENABLE_OBJC_ARC = YES;
				CLANG_ENABLE_OBJC_WEAK = YES;
				CLANG_WARN_BLOCK_CAPTURE_AUTORELEASING = YES;
				CLANG_WARN_BOOL_CONVERSION = YES;
				CLANG_WARN_COMMA = YES;
				CLANG_WARN_CONSTANT_CONVERSION = YES;
				CLANG_WARN_DEPRECATED_OBJC_IMPLEMENTATIONS = YES;
				CLANG_WARN_DIRECT_OBJC_ISA_USAGE = YES_ERROR;
				CLANG_WARN_DOCUMENTATION_COMMENTS = YES;
				CLANG_WARN_EMPTY_BODY = YES;
				CLANG_WARN_ENUM_CONVERSION = YES;
				CLANG_WARN_INFINITE_RECURSION = YES;
				CLANG_WARN_INT_CONVERSION = YES;
				CLANG_WARN_NON_LITERAL_NULL_CONVERSION = YES;
				CLANG_WARN_OBJC_IMPLICIT_RETAIN_SELF = YES;
				CLANG_WARN_OBJC_LITERAL_CONVERSION = YES;
				CLANG_WARN_OBJC_ROOT_CLASS = YES_ERROR;
				CLANG_WARN_QUOTED_INCLUDE_IN_FRAMEWORK_HEADER = YES;
				CLANG_WARN_RANGE_LOOP_ANALYSIS = YES;
				CLANG_WARN_STRICT_PROTOTYPES = YES;
				CLANG_WARN_SUSPICIOUS_MOVE = YES;
				CLANG_WARN_UNGUARDED_AVAILABILITY = YES_AGGRESSIVE;
				CLANG_WARN_UNREACHABLE_CODE = YES;
				CLANG_WARN__DUPLICATE_METHOD_MATCH = YES;
				COPY_PHASE_STRIP = NO;
				DEBUG_INFORMATION_FORMAT = "dwarf-with-dsym";
				ENABLE_NS_ASSERTIONS = NO;
				ENABLE_STRICT_OBJC_MSGSEND = YES;
				GCC_C_LANGUAGE_STANDARD = gnu11;
				GCC_NO_COMMON_BLOCKS = YES;
				GCC_WARN_64_TO_32_BIT_CONVERSION = YES;
				GCC_WARN_ABOUT_RETURN_TYPE = YES_ERROR;
				GCC_WARN_UNDECLARED_SELECTOR = YES;
				GCC_WARN_UNINITIALIZED_AUTOS = YES_AGGRESSIVE;
				GCC_WARN_UNUSED_FUNCTION = YES;
				GCC_WARN_UNUSED_VARIABLE = YES;
				IPHONEOS_DEPLOYMENT_TARGET = 14.5;
				MTL_ENABLE_DEBUG_INFO = NO;
				MTL_FAST_MATH = YES;
				SDKROOT = iphoneos;
				SWIFT_COMPILATION_MODE = wholemodule;
				SWIFT_OPTIMIZATION_LEVEL = "-O";
				VALIDATE_PRODUCT = YES;
			};
			name = Release;
		};
		988D1AAD28B28F1B00C5089E /* Debug */ = {
			isa = XCBuildConfiguration;
			buildSettings = {
				ASSETCATALOG_COMPILER_APPICON_NAME = AppIcon;
				ASSETCATALOG_COMPILER_GLOBAL_ACCENT_COLOR_NAME = AccentColor;
				CODE_SIGN_STYLE = Automatic;
				DEVELOPMENT_TEAM = 445LZL99JS;
				INFOPLIST_FILE = UdemyWeatherApp/Info.plist;
				LD_RUNPATH_SEARCH_PATHS = (
					"$(inherited)",
					"@executable_path/Frameworks",
				);
				PRODUCT_BUNDLE_IDENTIFIER = Projects.UdemyWeatherApp;
				PRODUCT_NAME = "$(TARGET_NAME)";
				SWIFT_VERSION = 5.0;
				TARGETED_DEVICE_FAMILY = "1,2";
			};
			name = Debug;
		};
		988D1AAE28B28F1B00C5089E /* Release */ = {
			isa = XCBuildConfiguration;
			buildSettings = {
				ASSETCATALOG_COMPILER_APPICON_NAME = AppIcon;
				ASSETCATALOG_COMPILER_GLOBAL_ACCENT_COLOR_NAME = AccentColor;
				CODE_SIGN_STYLE = Automatic;
				DEVELOPMENT_TEAM = 445LZL99JS;
				INFOPLIST_FILE = UdemyWeatherApp/Info.plist;
				LD_RUNPATH_SEARCH_PATHS = (
					"$(inherited)",
					"@executable_path/Frameworks",
				);
				PRODUCT_BUNDLE_IDENTIFIER = Projects.UdemyWeatherApp;
				PRODUCT_NAME = "$(TARGET_NAME)";
				SWIFT_VERSION = 5.0;
				TARGETED_DEVICE_FAMILY = "1,2";
			};
			name = Release;
		};
/* End XCBuildConfiguration section */

/* Begin XCConfigurationList section */
		988D1A9328B28F1600C5089E /* Build configuration list for PBXProject "UdemyWeatherApp" */ = {
			isa = XCConfigurationList;
			buildConfigurations = (
				988D1AAA28B28F1B00C5089E /* Debug */,
				988D1AAB28B28F1B00C5089E /* Release */,
			);
			defaultConfigurationIsVisible = 0;
			defaultConfigurationName = Release;
		};
		988D1AAC28B28F1B00C5089E /* Build configuration list for PBXNativeTarget "UdemyWeatherApp" */ = {
			isa = XCConfigurationList;
			buildConfigurations = (
				988D1AAD28B28F1B00C5089E /* Debug */,
				988D1AAE28B28F1B00C5089E /* Release */,
			);
			defaultConfigurationIsVisible = 0;
			defaultConfigurationName = Release;
		};
/* End XCConfigurationList section */
	};
	rootObject = 988D1A9028B28F1600C5089E /* Project object */;
}
